
Microsoft Visual Studio Solution File, Format Version 12.00
# Visual Studio Version 16
VisualStudioVersion = 16.0.29806.167
MinimumVisualStudioVersion = 10.0.40219.1
Project("{9A19103F-16F7-4668-BE54-9A1E7A4F7556}") = "OrderProcessor", "OrderProcessor.csproj", "{B87BE46B-0C6A-4B6B-95F8-EF683445DE68}"
EndProject
Project("{FAE04EC0-301F-11D3-BF4B-00C04F79EFBC}") = "OrderPayments.Tests", "OrderPayments.Tests\OrderPayments.Tests.csproj", "{31C65BB5-BAF1-4C3C-9918-8C0C17D26EA1}"
EndProject
Global
	GlobalSection(SolutionConfigurationPlatforms) = preSolution
		Debug|Any CPU = Debug|Any CPU
		Release|Any CPU = Release|Any CPU
	EndGlobalSection
	GlobalSection(ProjectConfigurationPlatforms) = postSolution
		{B87BE46B-0C6A-4B6B-95F8-EF683445DE68}.Debug|Any CPU.ActiveCfg = Debug|Any CPU
		{B87BE46B-0C6A-4B6B-95F8-EF683445DE68}.Debug|Any CPU.Build.0 = Debug|Any CPU
		{B87BE46B-0C6A-4B6B-95F8-EF683445DE68}.Release|Any CPU.ActiveCfg = Release|Any CPU
		{B87BE46B-0C6A-4B6B-95F8-EF683445DE68}.Release|Any CPU.Build.0 = Release|Any CPU
		{31C65BB5-BAF1-4C3C-9918-8C0C17D26EA1}.Debug|Any CPU.ActiveCfg = Debug|Any CPU
		{31C65BB5-BAF1-4C3C-9918-8C0C17D26EA1}.Debug|Any CPU.Build.0 = Debug|Any CPU
		{31C65BB5-BAF1-4C3C-9918-8C0C17D26EA1}.Release|Any CPU.ActiveCfg = Release|Any CPU
		{31C65BB5-BAF1-4C3C-9918-8C0C17D26EA1}.Release|Any CPU.Build.0 = Release|Any CPU
	EndGlobalSection
	GlobalSection(SolutionProperties) = preSolution
		HideSolutionNode = FALSE
	EndGlobalSection
	GlobalSection(ExtensibilityGlobals) = postSolution
		SolutionGuid = {2BC4BB6A-23E5-4AA4-B367-AF327336A2D1}
	EndGlobalSection
EndGlobal
